// !$*UTF8*$!
{
	archiveVersion = 1;
	classes = {
	};
	objectVersion = 55;
	objects = {

/* Begin PBXBuildFile section */
		296C7B0127C523390042B630 /* Pretendard-Bold.otf in Resources */ = {isa = PBXBuildFile; fileRef = 296C7B0027C523390042B630 /* Pretendard-Bold.otf */; };
		296C7B0327C523450042B630 /* Pretendard-Medium.otf in Resources */ = {isa = PBXBuildFile; fileRef = 296C7B0227C523450042B630 /* Pretendard-Medium.otf */; };
		297E957F27CFA68600452222 /* QRViewController.swift in Sources */ = {isa = PBXBuildFile; fileRef = 297E957E27CFA68600452222 /* QRViewController.swift */; };
		297E958327CFAC0A00452222 /* QRViewModel.swift in Sources */ = {isa = PBXBuildFile; fileRef = 297E958227CFAC0A00452222 /* QRViewModel.swift */; };
		527657F727C384AE0080DA32 /* UIViewController.swift in Sources */ = {isa = PBXBuildFile; fileRef = 527657F627C384AE0080DA32 /* UIViewController.swift */; };
		527657FB27C387E40080DA32 /* UILabelWithRound.swift in Sources */ = {isa = PBXBuildFile; fileRef = 527657FA27C387E40080DA32 /* UILabelWithRound.swift */; };
		52BCA07027C4D393001BF86F /* TextStyle.swift in Sources */ = {isa = PBXBuildFile; fileRef = 52BCA06F27C4D393001BF86F /* TextStyle.swift */; };
		52BCA07227C4D3DF001BF86F /* UIFont.swift in Sources */ = {isa = PBXBuildFile; fileRef = 52BCA07127C4D3DF001BF86F /* UIFont.swift */; };
		52C4CDE027D0B1D1005EDE78 /* HomeBottomTabView.swift in Sources */ = {isa = PBXBuildFile; fileRef = 52C4CDDF27D0B1D1005EDE78 /* HomeBottomTabView.swift */; };
		52C4CDE227D0C4D1005EDE78 /* HomeViewModel.swift in Sources */ = {isa = PBXBuildFile; fileRef = 52C4CDE127D0C4D1005EDE78 /* HomeViewModel.swift */; };
		5E6179AC27C670D500B1A835 /* UITextField.swift in Sources */ = {isa = PBXBuildFile; fileRef = 5E6179AB27C670D500B1A835 /* UITextField.swift */; };
		5E63BC9427BBD2AC0024FCE3 /* GoogleService-Info.plist in Resources */ = {isa = PBXBuildFile; fileRef = 5E63BC9327BBD2AC0024FCE3 /* GoogleService-Info.plist */; };
		5E63BC9B27BBE90F0024FCE3 /* SignUpNameInfoViewController.swift in Sources */ = {isa = PBXBuildFile; fileRef = 5E63BC9A27BBE90F0024FCE3 /* SignUpNameInfoViewController.swift */; };
		5E9CC7B827D0ED2D006D8B12 /* SignUpTeamInfoViewController.swift in Sources */ = {isa = PBXBuildFile; fileRef = 5E9CC7B727D0ED2D006D8B12 /* SignUpTeamInfoViewController.swift */; };
		5E9CC7BA27D0F57A006D8B12 /* UICollectionViewCell.swift in Sources */ = {isa = PBXBuildFile; fileRef = 5E9CC7B927D0F57A006D8B12 /* UICollectionViewCell.swift */; };
		5E9CC7BC27D0F79E006D8B12 /* SignUpCollectionViewCell.swift in Sources */ = {isa = PBXBuildFile; fileRef = 5E9CC7BB27D0F79D006D8B12 /* SignUpCollectionViewCell.swift */; };
		5EE25B2427C7CB700065B816 /* bg_buong.html in Resources */ = {isa = PBXBuildFile; fileRef = 5EE25B2327C7CB700065B816 /* bg_buong.html */; };
		5EED02BD27D76D4200C52637 /* SignUpViewModel.swift in Sources */ = {isa = PBXBuildFile; fileRef = 5EED02BC27D76D4200C52637 /* SignUpViewModel.swift */; };
		5EED02C027D7854F00C52637 /* AlertViewController.swift in Sources */ = {isa = PBXBuildFile; fileRef = 5EED02BF27D7854F00C52637 /* AlertViewController.swift */; };
		5EF69EA327A7DAF8007E9735 /* AppDelegate.swift in Sources */ = {isa = PBXBuildFile; fileRef = 5EF69EA227A7DAF8007E9735 /* AppDelegate.swift */; };
		5EF69EA527A7DAF8007E9735 /* SceneDelegate.swift in Sources */ = {isa = PBXBuildFile; fileRef = 5EF69EA427A7DAF8007E9735 /* SceneDelegate.swift */; };
		5EF69EA727A7DAF8007E9735 /* LoginViewController.swift in Sources */ = {isa = PBXBuildFile; fileRef = 5EF69EA627A7DAF8007E9735 /* LoginViewController.swift */; };
		5EF69EAA27A7DAF8007E9735 /* Main.storyboard in Resources */ = {isa = PBXBuildFile; fileRef = 5EF69EA827A7DAF8007E9735 /* Main.storyboard */; };
		5EF69EAC27A7DAFA007E9735 /* Assets.xcassets in Resources */ = {isa = PBXBuildFile; fileRef = 5EF69EAB27A7DAFA007E9735 /* Assets.xcassets */; };
		5EF69EAF27A7DAFA007E9735 /* LaunchScreen.storyboard in Resources */ = {isa = PBXBuildFile; fileRef = 5EF69EAD27A7DAFA007E9735 /* LaunchScreen.storyboard */; };
		5EF69EB827A7DCDE007E9735 /* .swiftlint.yml in Resources */ = {isa = PBXBuildFile; fileRef = 5EF69EB727A7DCDE007E9735 /* .swiftlint.yml */; };
		5EF69EC227A7EFFF007E9735 /* BaseViewModel.swift in Sources */ = {isa = PBXBuildFile; fileRef = 5EF69EC127A7EFFF007E9735 /* BaseViewModel.swift */; };
		5EF69EC427A7F8B0007E9735 /* UILabel.swift in Sources */ = {isa = PBXBuildFile; fileRef = 5EF69EC327A7F8B0007E9735 /* UILabel.swift */; };
		5EF69EC627A7FA40007E9735 /* UIColor.swift in Sources */ = {isa = PBXBuildFile; fileRef = 5EF69EC527A7FA40007E9735 /* UIColor.swift */; };
		5EF69ECB27A81E56007E9735 /* HomeViewController.swift in Sources */ = {isa = PBXBuildFile; fileRef = 5EF69ECA27A81E56007E9735 /* HomeViewController.swift */; };
		5EF69ED427A83BCE007E9735 /* DetailViewController.swift in Sources */ = {isa = PBXBuildFile; fileRef = 5EF69ED327A83BCE007E9735 /* DetailViewController.swift */; };
		5EF69ED927AAACBA007E9735 /* PolicyViewController.swift in Sources */ = {isa = PBXBuildFile; fileRef = 5EF69ED827AAACBA007E9735 /* PolicyViewController.swift */; };
		5EF69EDB27AAB0BC007E9735 /* PolicyUnitView.swift in Sources */ = {isa = PBXBuildFile; fileRef = 5EF69EDA27AAB0BC007E9735 /* PolicyUnitView.swift */; };
		7F4FBAFCC0259F3E7AF9EDB6 /* Pods_attendance_ios.framework in Frameworks */ = {isa = PBXBuildFile; fileRef = BDDCE233E5BE7E34BB51BE5D /* Pods_attendance_ios.framework */; };
/* End PBXBuildFile section */

/* Begin PBXFileReference section */
		296C7B0027C523390042B630 /* Pretendard-Bold.otf */ = {isa = PBXFileReference; lastKnownFileType = file; path = "Pretendard-Bold.otf"; sourceTree = "<group>"; };
		296C7B0227C523450042B630 /* Pretendard-Medium.otf */ = {isa = PBXFileReference; lastKnownFileType = file; path = "Pretendard-Medium.otf"; sourceTree = "<group>"; };
		297E957E27CFA68600452222 /* QRViewController.swift */ = {isa = PBXFileReference; lastKnownFileType = sourcecode.swift; path = QRViewController.swift; sourceTree = "<group>"; };
		297E958227CFAC0A00452222 /* QRViewModel.swift */ = {isa = PBXFileReference; lastKnownFileType = sourcecode.swift; path = QRViewModel.swift; sourceTree = "<group>"; };
		527657F627C384AE0080DA32 /* UIViewController.swift */ = {isa = PBXFileReference; lastKnownFileType = sourcecode.swift; path = UIViewController.swift; sourceTree = "<group>"; };
		527657FA27C387E40080DA32 /* UILabelWithRound.swift */ = {isa = PBXFileReference; lastKnownFileType = sourcecode.swift; path = UILabelWithRound.swift; sourceTree = "<group>"; };
		52BCA06F27C4D393001BF86F /* TextStyle.swift */ = {isa = PBXFileReference; lastKnownFileType = sourcecode.swift; path = TextStyle.swift; sourceTree = "<group>"; };
		52BCA07127C4D3DF001BF86F /* UIFont.swift */ = {isa = PBXFileReference; lastKnownFileType = sourcecode.swift; path = UIFont.swift; sourceTree = "<group>"; };
		52C4CDDF27D0B1D1005EDE78 /* HomeBottomTabView.swift */ = {isa = PBXFileReference; lastKnownFileType = sourcecode.swift; path = HomeBottomTabView.swift; sourceTree = "<group>"; };
		52C4CDE127D0C4D1005EDE78 /* HomeViewModel.swift */ = {isa = PBXFileReference; lastKnownFileType = sourcecode.swift; path = HomeViewModel.swift; sourceTree = "<group>"; };
		5E6179AB27C670D500B1A835 /* UITextField.swift */ = {isa = PBXFileReference; lastKnownFileType = sourcecode.swift; path = UITextField.swift; sourceTree = "<group>"; };
		5E63BC9327BBD2AC0024FCE3 /* GoogleService-Info.plist */ = {isa = PBXFileReference; fileEncoding = 4; lastKnownFileType = text.plist.xml; path = "GoogleService-Info.plist"; sourceTree = "<group>"; };
		5E63BC9A27BBE90F0024FCE3 /* SignUpNameInfoViewController.swift */ = {isa = PBXFileReference; lastKnownFileType = sourcecode.swift; path = SignUpNameInfoViewController.swift; sourceTree = "<group>"; };
		5E9CC7B727D0ED2D006D8B12 /* SignUpTeamInfoViewController.swift */ = {isa = PBXFileReference; lastKnownFileType = sourcecode.swift; path = SignUpTeamInfoViewController.swift; sourceTree = "<group>"; };
		5E9CC7B927D0F57A006D8B12 /* UICollectionViewCell.swift */ = {isa = PBXFileReference; lastKnownFileType = sourcecode.swift; path = UICollectionViewCell.swift; sourceTree = "<group>"; };
		5E9CC7BB27D0F79D006D8B12 /* SignUpCollectionViewCell.swift */ = {isa = PBXFileReference; lastKnownFileType = sourcecode.swift; path = SignUpCollectionViewCell.swift; sourceTree = "<group>"; };
		5EE25B2327C7CB700065B816 /* bg_buong.html */ = {isa = PBXFileReference; fileEncoding = 4; lastKnownFileType = text.html; path = bg_buong.html; sourceTree = "<group>"; };
		5EED02BC27D76D4200C52637 /* SignUpViewModel.swift */ = {isa = PBXFileReference; lastKnownFileType = sourcecode.swift; path = SignUpViewModel.swift; sourceTree = "<group>"; };
		5EED02BF27D7854F00C52637 /* AlertViewController.swift */ = {isa = PBXFileReference; lastKnownFileType = sourcecode.swift; path = AlertViewController.swift; sourceTree = "<group>"; };
		5EF69E9F27A7DAF8007E9735 /* attendance-ios.app */ = {isa = PBXFileReference; explicitFileType = wrapper.application; includeInIndex = 0; path = "attendance-ios.app"; sourceTree = BUILT_PRODUCTS_DIR; };
		5EF69EA227A7DAF8007E9735 /* AppDelegate.swift */ = {isa = PBXFileReference; lastKnownFileType = sourcecode.swift; path = AppDelegate.swift; sourceTree = "<group>"; };
		5EF69EA427A7DAF8007E9735 /* SceneDelegate.swift */ = {isa = PBXFileReference; lastKnownFileType = sourcecode.swift; path = SceneDelegate.swift; sourceTree = "<group>"; };
		5EF69EA627A7DAF8007E9735 /* LoginViewController.swift */ = {isa = PBXFileReference; lastKnownFileType = sourcecode.swift; path = LoginViewController.swift; sourceTree = "<group>"; };
		5EF69EA927A7DAF8007E9735 /* Base */ = {isa = PBXFileReference; lastKnownFileType = file.storyboard; name = Base; path = Base.lproj/Main.storyboard; sourceTree = "<group>"; };
		5EF69EAB27A7DAFA007E9735 /* Assets.xcassets */ = {isa = PBXFileReference; lastKnownFileType = folder.assetcatalog; path = Assets.xcassets; sourceTree = "<group>"; };
		5EF69EAE27A7DAFA007E9735 /* Base */ = {isa = PBXFileReference; lastKnownFileType = file.storyboard; name = Base; path = Base.lproj/LaunchScreen.storyboard; sourceTree = "<group>"; };
		5EF69EB027A7DAFA007E9735 /* Info.plist */ = {isa = PBXFileReference; lastKnownFileType = text.plist.xml; path = Info.plist; sourceTree = "<group>"; };
		5EF69EB727A7DCDE007E9735 /* .swiftlint.yml */ = {isa = PBXFileReference; lastKnownFileType = text.yaml; path = .swiftlint.yml; sourceTree = "<group>"; };
		5EF69EC127A7EFFF007E9735 /* BaseViewModel.swift */ = {isa = PBXFileReference; lastKnownFileType = sourcecode.swift; path = BaseViewModel.swift; sourceTree = "<group>"; };
		5EF69EC327A7F8B0007E9735 /* UILabel.swift */ = {isa = PBXFileReference; lastKnownFileType = sourcecode.swift; path = UILabel.swift; sourceTree = "<group>"; };
		5EF69EC527A7FA40007E9735 /* UIColor.swift */ = {isa = PBXFileReference; lastKnownFileType = sourcecode.swift; path = UIColor.swift; sourceTree = "<group>"; };
		5EF69ECA27A81E56007E9735 /* HomeViewController.swift */ = {isa = PBXFileReference; lastKnownFileType = sourcecode.swift; path = HomeViewController.swift; sourceTree = "<group>"; };
		5EF69ED327A83BCE007E9735 /* DetailViewController.swift */ = {isa = PBXFileReference; lastKnownFileType = sourcecode.swift; path = DetailViewController.swift; sourceTree = "<group>"; };
		5EF69ED827AAACBA007E9735 /* PolicyViewController.swift */ = {isa = PBXFileReference; lastKnownFileType = sourcecode.swift; path = PolicyViewController.swift; sourceTree = "<group>"; };
		5EF69EDA27AAB0BC007E9735 /* PolicyUnitView.swift */ = {isa = PBXFileReference; lastKnownFileType = sourcecode.swift; path = PolicyUnitView.swift; sourceTree = "<group>"; };
		6F02DCE832A2AB4DFD3E1B31 /* Pods-attendance-ios.release.xcconfig */ = {isa = PBXFileReference; includeInIndex = 1; lastKnownFileType = text.xcconfig; name = "Pods-attendance-ios.release.xcconfig"; path = "Target Support Files/Pods-attendance-ios/Pods-attendance-ios.release.xcconfig"; sourceTree = "<group>"; };
		BD84FC73203EF1BEB1378FE9 /* Pods-attendance-ios.debug.xcconfig */ = {isa = PBXFileReference; includeInIndex = 1; lastKnownFileType = text.xcconfig; name = "Pods-attendance-ios.debug.xcconfig"; path = "Target Support Files/Pods-attendance-ios/Pods-attendance-ios.debug.xcconfig"; sourceTree = "<group>"; };
		BDDCE233E5BE7E34BB51BE5D /* Pods_attendance_ios.framework */ = {isa = PBXFileReference; explicitFileType = wrapper.framework; includeInIndex = 0; path = Pods_attendance_ios.framework; sourceTree = BUILT_PRODUCTS_DIR; };
/* End PBXFileReference section */

/* Begin PBXFrameworksBuildPhase section */
		5EF69E9C27A7DAF8007E9735 /* Frameworks */ = {
			isa = PBXFrameworksBuildPhase;
			buildActionMask = 2147483647;
			files = (
				7F4FBAFCC0259F3E7AF9EDB6 /* Pods_attendance_ios.framework in Frameworks */,
			);
			runOnlyForDeploymentPostprocessing = 0;
		};
/* End PBXFrameworksBuildPhase section */

/* Begin PBXGroup section */
		226262D92DF9722A841BD92B /* Frameworks */ = {
			isa = PBXGroup;
			children = (
				BDDCE233E5BE7E34BB51BE5D /* Pods_attendance_ios.framework */,
			);
			name = Frameworks;
			sourceTree = "<group>";
		};
		297E957D27CFA66C00452222 /* QR */ = {
			isa = PBXGroup;
			children = (
				297E957E27CFA68600452222 /* QRViewController.swift */,
				297E958227CFAC0A00452222 /* QRViewModel.swift */,
			);
			path = QR;
			sourceTree = "<group>";
		};
		527657F827C387C00080DA32 /* Common */ = {
			isa = PBXGroup;
			children = (
				5EED02BF27D7854F00C52637 /* AlertViewController.swift */,
				527657F927C387CB0080DA32 /* View */,
			);
			path = Common;
			sourceTree = "<group>";
		};
		527657F927C387CB0080DA32 /* View */ = {
			isa = PBXGroup;
			children = (
				527657FA27C387E40080DA32 /* UILabelWithRound.swift */,
			);
			path = View;
			sourceTree = "<group>";
		};
		52BCA06E27C4D36C001BF86F /* Font */ = {
			isa = PBXGroup;
			children = (
				52BCA07327C4D63A001BF86F /* Pretendard */,
				52BCA06F27C4D393001BF86F /* TextStyle.swift */,
			);
			path = Font;
			sourceTree = "<group>";
		};
		52BCA07327C4D63A001BF86F /* Pretendard */ = {
			isa = PBXGroup;
			children = (
				296C7B0027C523390042B630 /* Pretendard-Bold.otf */,
				296C7B0227C523450042B630 /* Pretendard-Medium.otf */,
			);
			path = Pretendard;
			sourceTree = "<group>";
		};
		5EE25B2527C7CBA10065B816 /* Image */ = {
			isa = PBXGroup;
			children = (
				5EE25B2327C7CB700065B816 /* bg_buong.html */,
			);
			path = Image;
			sourceTree = "<group>";
		};
		5EED02BE27D7832500C52637 /* SignUp */ = {
			isa = PBXGroup;
			children = (
				5EED02BC27D76D4200C52637 /* SignUpViewModel.swift */,
				5E63BC9A27BBE90F0024FCE3 /* SignUpNameInfoViewController.swift */,
				5E9CC7B727D0ED2D006D8B12 /* SignUpTeamInfoViewController.swift */,
				5E9CC7BB27D0F79D006D8B12 /* SignUpCollectionViewCell.swift */,
			);
			path = SignUp;
			sourceTree = "<group>";
		};
		5EF69E9627A7DAF8007E9735 = {
			isa = PBXGroup;
			children = (
				5EF69EB727A7DCDE007E9735 /* .swiftlint.yml */,
				5EF69EA127A7DAF8007E9735 /* attendance-ios */,
				5EF69EA027A7DAF8007E9735 /* Products */,
				5EF9D0F13059E0544BF719D1 /* Pods */,
				226262D92DF9722A841BD92B /* Frameworks */,
			);
			sourceTree = "<group>";
		};
		5EF69EA027A7DAF8007E9735 /* Products */ = {
			isa = PBXGroup;
			children = (
				5EF69E9F27A7DAF8007E9735 /* attendance-ios.app */,
			);
			name = Products;
			sourceTree = "<group>";
		};
		5EF69EA127A7DAF8007E9735 /* attendance-ios */ = {
			isa = PBXGroup;
			children = (
				5E63BC9327BBD2AC0024FCE3 /* GoogleService-Info.plist */,
				5EF69EB927A7DD09007E9735 /* Resource */,
				5EF69EBA27A7DD10007E9735 /* Source */,
			);
			path = "attendance-ios";
			sourceTree = "<group>";
		};
		5EF69EB927A7DD09007E9735 /* Resource */ = {
			isa = PBXGroup;
			children = (
				5EF69EB027A7DAFA007E9735 /* Info.plist */,
				5EF69EAB27A7DAFA007E9735 /* Assets.xcassets */,
				52BCA06E27C4D36C001BF86F /* Font */,
				5EE25B2527C7CBA10065B816 /* Image */,
			);
			path = Resource;
			sourceTree = "<group>";
		};
		5EF69EBA27A7DD10007E9735 /* Source */ = {
			isa = PBXGroup;
			children = (
				297E957D27CFA66C00452222 /* QR */,
				527657F827C387C00080DA32 /* Common */,
				5EF69EC127A7EFFF007E9735 /* BaseViewModel.swift */,
				5EF69EC027A7DDE1007E9735 /* Login */,
				5EED02BE27D7832500C52637 /* SignUp */,
				5EF69EC727A81E25007E9735 /* Home */,
				5EF69ED227A83BC1007E9735 /* Detail */,
				5EF69ED727AAAC88007E9735 /* Policy */,
				5EF69EBE27A7DD8F007E9735 /* Extensions */,
				5EF69EBB27A7DD57007E9735 /* System */,
				5EF69EBC27A7DD68007E9735 /* Storyboards */,
			);
			path = Source;
			sourceTree = "<group>";
		};
		5EF69EBB27A7DD57007E9735 /* System */ = {
			isa = PBXGroup;
			children = (
				5EF69EA227A7DAF8007E9735 /* AppDelegate.swift */,
				5EF69EA427A7DAF8007E9735 /* SceneDelegate.swift */,
			);
			path = System;
			sourceTree = "<group>";
		};
		5EF69EBC27A7DD68007E9735 /* Storyboards */ = {
			isa = PBXGroup;
			children = (
				5EF69EA827A7DAF8007E9735 /* Main.storyboard */,
				5EF69EAD27A7DAFA007E9735 /* LaunchScreen.storyboard */,
			);
			path = Storyboards;
			sourceTree = "<group>";
		};
		5EF69EBE27A7DD8F007E9735 /* Extensions */ = {
			isa = PBXGroup;
			children = (
				5EF69EC327A7F8B0007E9735 /* UILabel.swift */,
				5EF69EC527A7FA40007E9735 /* UIColor.swift */,
				527657F627C384AE0080DA32 /* UIViewController.swift */,
				52BCA07127C4D3DF001BF86F /* UIFont.swift */,
				5E6179AB27C670D500B1A835 /* UITextField.swift */,
				5E9CC7B927D0F57A006D8B12 /* UICollectionViewCell.swift */,
			);
			path = Extensions;
			sourceTree = "<group>";
		};
		5EF69EC027A7DDE1007E9735 /* Login */ = {
			isa = PBXGroup;
			children = (
				5EF69EA627A7DAF8007E9735 /* LoginViewController.swift */,
			);
			path = Login;
			sourceTree = "<group>";
		};
		5EF69EC727A81E25007E9735 /* Home */ = {
			isa = PBXGroup;
			children = (
				5EF69ECA27A81E56007E9735 /* HomeViewController.swift */,
				52C4CDE127D0C4D1005EDE78 /* HomeViewModel.swift */,
				52C4CDDF27D0B1D1005EDE78 /* HomeBottomTabView.swift */,
			);
			path = Home;
			sourceTree = "<group>";
		};
		5EF69ED227A83BC1007E9735 /* Detail */ = {
			isa = PBXGroup;
			children = (
				5EF69ED327A83BCE007E9735 /* DetailViewController.swift */,
			);
			path = Detail;
			sourceTree = "<group>";
		};
		5EF69ED727AAAC88007E9735 /* Policy */ = {
			isa = PBXGroup;
			children = (
				5EF69ED827AAACBA007E9735 /* PolicyViewController.swift */,
				5EF69EDA27AAB0BC007E9735 /* PolicyUnitView.swift */,
			);
			path = Policy;
			sourceTree = "<group>";
		};
		5EF9D0F13059E0544BF719D1 /* Pods */ = {
			isa = PBXGroup;
			children = (
				BD84FC73203EF1BEB1378FE9 /* Pods-attendance-ios.debug.xcconfig */,
				6F02DCE832A2AB4DFD3E1B31 /* Pods-attendance-ios.release.xcconfig */,
			);
			path = Pods;
			sourceTree = "<group>";
		};
/* End PBXGroup section */

/* Begin PBXNativeTarget section */
		5EF69E9E27A7DAF8007E9735 /* attendance-ios */ = {
			isa = PBXNativeTarget;
			buildConfigurationList = 5EF69EB327A7DAFA007E9735 /* Build configuration list for PBXNativeTarget "attendance-ios" */;
			buildPhases = (
				A9612C58A65410EBF9BA026F /* [CP] Check Pods Manifest.lock */,
				5EF69E9B27A7DAF8007E9735 /* Sources */,
				5EF69E9C27A7DAF8007E9735 /* Frameworks */,
				5EF69E9D27A7DAF8007E9735 /* Resources */,
				FF0B39995E101DCAF8DC0B48 /* [CP] Embed Pods Frameworks */,
				5EF69EB627A7DC72007E9735 /* ShellScript */,
			);
			buildRules = (
			);
			dependencies = (
			);
			name = "attendance-ios";
			productName = "attendance-ios";
			productReference = 5EF69E9F27A7DAF8007E9735 /* attendance-ios.app */;
			productType = "com.apple.product-type.application";
		};
/* End PBXNativeTarget section */

/* Begin PBXProject section */
		5EF69E9727A7DAF8007E9735 /* Project object */ = {
			isa = PBXProject;
			attributes = {
				BuildIndependentTargetsInParallel = 1;
				LastSwiftUpdateCheck = 1320;
				LastUpgradeCheck = 1320;
				TargetAttributes = {
					5EF69E9E27A7DAF8007E9735 = {
						CreatedOnToolsVersion = 13.2.1;
					};
				};
			};
			buildConfigurationList = 5EF69E9A27A7DAF8007E9735 /* Build configuration list for PBXProject "attendance-ios" */;
			compatibilityVersion = "Xcode 13.0";
			developmentRegion = en;
			hasScannedForEncodings = 0;
			knownRegions = (
				en,
				Base,
			);
			mainGroup = 5EF69E9627A7DAF8007E9735;
			productRefGroup = 5EF69EA027A7DAF8007E9735 /* Products */;
			projectDirPath = "";
			projectRoot = "";
			targets = (
				5EF69E9E27A7DAF8007E9735 /* attendance-ios */,
			);
		};
/* End PBXProject section */

/* Begin PBXResourcesBuildPhase section */
		5EF69E9D27A7DAF8007E9735 /* Resources */ = {
			isa = PBXResourcesBuildPhase;
			buildActionMask = 2147483647;
			files = (
				296C7B0327C523450042B630 /* Pretendard-Medium.otf in Resources */,
				5EF69EB827A7DCDE007E9735 /* .swiftlint.yml in Resources */,
				296C7B0127C523390042B630 /* Pretendard-Bold.otf in Resources */,
				5EE25B2427C7CB700065B816 /* bg_buong.html in Resources */,
				5EF69EAF27A7DAFA007E9735 /* LaunchScreen.storyboard in Resources */,
				5E63BC9427BBD2AC0024FCE3 /* GoogleService-Info.plist in Resources */,
				5EF69EAC27A7DAFA007E9735 /* Assets.xcassets in Resources */,
				5EF69EAA27A7DAF8007E9735 /* Main.storyboard in Resources */,
			);
			runOnlyForDeploymentPostprocessing = 0;
		};
/* End PBXResourcesBuildPhase section */

/* Begin PBXShellScriptBuildPhase section */
		5EF69EB627A7DC72007E9735 /* ShellScript */ = {
			isa = PBXShellScriptBuildPhase;
			buildActionMask = 2147483647;
			files = (
			);
			inputFileListPaths = (
			);
			inputPaths = (
			);
			outputFileListPaths = (
			);
			outputPaths = (
			);
			runOnlyForDeploymentPostprocessing = 0;
			shellPath = /bin/sh;
			shellScript = "${PODS_ROOT}/SwiftLint/swiftlint\n";
		};
		A9612C58A65410EBF9BA026F /* [CP] Check Pods Manifest.lock */ = {
			isa = PBXShellScriptBuildPhase;
			buildActionMask = 2147483647;
			files = (
			);
			inputFileListPaths = (
			);
			inputPaths = (
				"${PODS_PODFILE_DIR_PATH}/Podfile.lock",
				"${PODS_ROOT}/Manifest.lock",
			);
			name = "[CP] Check Pods Manifest.lock";
			outputFileListPaths = (
			);
			outputPaths = (
				"$(DERIVED_FILE_DIR)/Pods-attendance-ios-checkManifestLockResult.txt",
			);
			runOnlyForDeploymentPostprocessing = 0;
			shellPath = /bin/sh;
			shellScript = "diff \"${PODS_PODFILE_DIR_PATH}/Podfile.lock\" \"${PODS_ROOT}/Manifest.lock\" > /dev/null\nif [ $? != 0 ] ; then\n    # print error to STDERR\n    echo \"error: The sandbox is not in sync with the Podfile.lock. Run 'pod install' or update your CocoaPods installation.\" >&2\n    exit 1\nfi\n# This output is used by Xcode 'outputs' to avoid re-running this script phase.\necho \"SUCCESS\" > \"${SCRIPT_OUTPUT_FILE_0}\"\n";
			showEnvVarsInLog = 0;
		};
		FF0B39995E101DCAF8DC0B48 /* [CP] Embed Pods Frameworks */ = {
			isa = PBXShellScriptBuildPhase;
			buildActionMask = 2147483647;
			files = (
			);
			inputFileListPaths = (
				"${PODS_ROOT}/Target Support Files/Pods-attendance-ios/Pods-attendance-ios-frameworks-${CONFIGURATION}-input-files.xcfilelist",
			);
			name = "[CP] Embed Pods Frameworks";
			outputFileListPaths = (
				"${PODS_ROOT}/Target Support Files/Pods-attendance-ios/Pods-attendance-ios-frameworks-${CONFIGURATION}-output-files.xcfilelist",
			);
			runOnlyForDeploymentPostprocessing = 0;
			shellPath = /bin/sh;
			shellScript = "\"${PODS_ROOT}/Target Support Files/Pods-attendance-ios/Pods-attendance-ios-frameworks.sh\"\n";
			showEnvVarsInLog = 0;
		};
/* End PBXShellScriptBuildPhase section */

/* Begin PBXSourcesBuildPhase section */
		5EF69E9B27A7DAF8007E9735 /* Sources */ = {
			isa = PBXSourcesBuildPhase;
			buildActionMask = 2147483647;
			files = (
				5E9CC7BA27D0F57A006D8B12 /* UICollectionViewCell.swift in Sources */,
				5E63BC9B27BBE90F0024FCE3 /* SignUpNameInfoViewController.swift in Sources */,
				5E9CC7BC27D0F79E006D8B12 /* SignUpCollectionViewCell.swift in Sources */,
				5EF69ED427A83BCE007E9735 /* DetailViewController.swift in Sources */,
				52C4CDE227D0C4D1005EDE78 /* HomeViewModel.swift in Sources */,
				527657FB27C387E40080DA32 /* UILabelWithRound.swift in Sources */,
				52C4CDE027D0B1D1005EDE78 /* HomeBottomTabView.swift in Sources */,
				297E957F27CFA68600452222 /* QRViewController.swift in Sources */,
				527657F727C384AE0080DA32 /* UIViewController.swift in Sources */,
				5EF69EC427A7F8B0007E9735 /* UILabel.swift in Sources */,
				5EF69EC627A7FA40007E9735 /* UIColor.swift in Sources */,
				5EF69ECB27A81E56007E9735 /* HomeViewController.swift in Sources */,
				5EF69EC227A7EFFF007E9735 /* BaseViewModel.swift in Sources */,
				52BCA07227C4D3DF001BF86F /* UIFont.swift in Sources */,
				5EF69ED927AAACBA007E9735 /* PolicyViewController.swift in Sources */,
				297E958327CFAC0A00452222 /* QRViewModel.swift in Sources */,
				5EF69EDB27AAB0BC007E9735 /* PolicyUnitView.swift in Sources */,
				52BCA07027C4D393001BF86F /* TextStyle.swift in Sources */,
				5E9CC7B827D0ED2D006D8B12 /* SignUpTeamInfoViewController.swift in Sources */,
				5EF69EA727A7DAF8007E9735 /* LoginViewController.swift in Sources */,
				5EED02BD27D76D4200C52637 /* SignUpViewModel.swift in Sources */,
				5EF69EA327A7DAF8007E9735 /* AppDelegate.swift in Sources */,
				5EED02C027D7854F00C52637 /* AlertViewController.swift in Sources */,
				5E6179AC27C670D500B1A835 /* UITextField.swift in Sources */,
				5EF69EA527A7DAF8007E9735 /* SceneDelegate.swift in Sources */,
			);
			runOnlyForDeploymentPostprocessing = 0;
		};
/* End PBXSourcesBuildPhase section */

/* Begin PBXVariantGroup section */
		5EF69EA827A7DAF8007E9735 /* Main.storyboard */ = {
			isa = PBXVariantGroup;
			children = (
				5EF69EA927A7DAF8007E9735 /* Base */,
			);
			name = Main.storyboard;
			sourceTree = "<group>";
		};
		5EF69EAD27A7DAFA007E9735 /* LaunchScreen.storyboard */ = {
			isa = PBXVariantGroup;
			children = (
				5EF69EAE27A7DAFA007E9735 /* Base */,
			);
			name = LaunchScreen.storyboard;
			sourceTree = "<group>";
		};
/* End PBXVariantGroup section */

/* Begin XCBuildConfiguration section */
		5EF69EB127A7DAFA007E9735 /* Debug */ = {
			isa = XCBuildConfiguration;
			buildSettings = {
				ALWAYS_SEARCH_USER_PATHS = NO;
				CLANG_ANALYZER_NONNULL = YES;
				CLANG_ANALYZER_NUMBER_OBJECT_CONVERSION = YES_AGGRESSIVE;
				CLANG_CXX_LANGUAGE_STANDARD = "gnu++17";
				CLANG_CXX_LIBRARY = "libc++";
				CLANG_ENABLE_MODULES = YES;
				CLANG_ENABLE_OBJC_ARC = YES;
				CLANG_ENABLE_OBJC_WEAK = YES;
				CLANG_WARN_BLOCK_CAPTURE_AUTORELEASING = YES;
				CLANG_WARN_BOOL_CONVERSION = YES;
				CLANG_WARN_COMMA = YES;
				CLANG_WARN_CONSTANT_CONVERSION = YES;
				CLANG_WARN_DEPRECATED_OBJC_IMPLEMENTATIONS = YES;
				CLANG_WARN_DIRECT_OBJC_ISA_USAGE = YES_ERROR;
				CLANG_WARN_DOCUMENTATION_COMMENTS = YES;
				CLANG_WARN_EMPTY_BODY = YES;
				CLANG_WARN_ENUM_CONVERSION = YES;
				CLANG_WARN_INFINITE_RECURSION = YES;
				CLANG_WARN_INT_CONVERSION = YES;
				CLANG_WARN_NON_LITERAL_NULL_CONVERSION = YES;
				CLANG_WARN_OBJC_IMPLICIT_RETAIN_SELF = YES;
				CLANG_WARN_OBJC_LITERAL_CONVERSION = YES;
				CLANG_WARN_OBJC_ROOT_CLASS = YES_ERROR;
				CLANG_WARN_QUOTED_INCLUDE_IN_FRAMEWORK_HEADER = YES;
				CLANG_WARN_RANGE_LOOP_ANALYSIS = YES;
				CLANG_WARN_STRICT_PROTOTYPES = YES;
				CLANG_WARN_SUSPICIOUS_MOVE = YES;
				CLANG_WARN_UNGUARDED_AVAILABILITY = YES_AGGRESSIVE;
				CLANG_WARN_UNREACHABLE_CODE = YES;
				CLANG_WARN__DUPLICATE_METHOD_MATCH = YES;
				COPY_PHASE_STRIP = NO;
				DEBUG_INFORMATION_FORMAT = dwarf;
				ENABLE_STRICT_OBJC_MSGSEND = YES;
				ENABLE_TESTABILITY = YES;
				GCC_C_LANGUAGE_STANDARD = gnu11;
				GCC_DYNAMIC_NO_PIC = NO;
				GCC_NO_COMMON_BLOCKS = YES;
				GCC_OPTIMIZATION_LEVEL = 0;
				GCC_PREPROCESSOR_DEFINITIONS = (
					"DEBUG=1",
					"$(inherited)",
				);
				GCC_WARN_64_TO_32_BIT_CONVERSION = YES;
				GCC_WARN_ABOUT_RETURN_TYPE = YES_ERROR;
				GCC_WARN_UNDECLARED_SELECTOR = YES;
				GCC_WARN_UNINITIALIZED_AUTOS = YES_AGGRESSIVE;
				GCC_WARN_UNUSED_FUNCTION = YES;
				GCC_WARN_UNUSED_VARIABLE = YES;
				IPHONEOS_DEPLOYMENT_TARGET = 14.0;
				MTL_ENABLE_DEBUG_INFO = INCLUDE_SOURCE;
				MTL_FAST_MATH = YES;
				ONLY_ACTIVE_ARCH = YES;
				SDKROOT = iphoneos;
				SWIFT_ACTIVE_COMPILATION_CONDITIONS = DEBUG;
				SWIFT_OPTIMIZATION_LEVEL = "-Onone";
			};
			name = Debug;
		};
		5EF69EB227A7DAFA007E9735 /* Release */ = {
			isa = XCBuildConfiguration;
			buildSettings = {
				ALWAYS_SEARCH_USER_PATHS = NO;
				CLANG_ANALYZER_NONNULL = YES;
				CLANG_ANALYZER_NUMBER_OBJECT_CONVERSION = YES_AGGRESSIVE;
				CLANG_CXX_LANGUAGE_STANDARD = "gnu++17";
				CLANG_CXX_LIBRARY = "libc++";
				CLANG_ENABLE_MODULES = YES;
				CLANG_ENABLE_OBJC_ARC = YES;
				CLANG_ENABLE_OBJC_WEAK = YES;
				CLANG_WARN_BLOCK_CAPTURE_AUTORELEASING = YES;
				CLANG_WARN_BOOL_CONVERSION = YES;
				CLANG_WARN_COMMA = YES;
				CLANG_WARN_CONSTANT_CONVERSION = YES;
				CLANG_WARN_DEPRECATED_OBJC_IMPLEMENTATIONS = YES;
				CLANG_WARN_DIRECT_OBJC_ISA_USAGE = YES_ERROR;
				CLANG_WARN_DOCUMENTATION_COMMENTS = YES;
				CLANG_WARN_EMPTY_BODY = YES;
				CLANG_WARN_ENUM_CONVERSION = YES;
				CLANG_WARN_INFINITE_RECURSION = YES;
				CLANG_WARN_INT_CONVERSION = YES;
				CLANG_WARN_NON_LITERAL_NULL_CONVERSION = YES;
				CLANG_WARN_OBJC_IMPLICIT_RETAIN_SELF = YES;
				CLANG_WARN_OBJC_LITERAL_CONVERSION = YES;
				CLANG_WARN_OBJC_ROOT_CLASS = YES_ERROR;
				CLANG_WARN_QUOTED_INCLUDE_IN_FRAMEWORK_HEADER = YES;
				CLANG_WARN_RANGE_LOOP_ANALYSIS = YES;
				CLANG_WARN_STRICT_PROTOTYPES = YES;
				CLANG_WARN_SUSPICIOUS_MOVE = YES;
				CLANG_WARN_UNGUARDED_AVAILABILITY = YES_AGGRESSIVE;
				CLANG_WARN_UNREACHABLE_CODE = YES;
				CLANG_WARN__DUPLICATE_METHOD_MATCH = YES;
				COPY_PHASE_STRIP = NO;
				DEBUG_INFORMATION_FORMAT = "dwarf-with-dsym";
				ENABLE_NS_ASSERTIONS = NO;
				ENABLE_STRICT_OBJC_MSGSEND = YES;
				GCC_C_LANGUAGE_STANDARD = gnu11;
				GCC_NO_COMMON_BLOCKS = YES;
				GCC_WARN_64_TO_32_BIT_CONVERSION = YES;
				GCC_WARN_ABOUT_RETURN_TYPE = YES_ERROR;
				GCC_WARN_UNDECLARED_SELECTOR = YES;
				GCC_WARN_UNINITIALIZED_AUTOS = YES_AGGRESSIVE;
				GCC_WARN_UNUSED_FUNCTION = YES;
				GCC_WARN_UNUSED_VARIABLE = YES;
				IPHONEOS_DEPLOYMENT_TARGET = 14.0;
				MTL_ENABLE_DEBUG_INFO = NO;
				MTL_FAST_MATH = YES;
				SDKROOT = iphoneos;
				SWIFT_COMPILATION_MODE = wholemodule;
				SWIFT_OPTIMIZATION_LEVEL = "-O";
				VALIDATE_PRODUCT = YES;
			};
			name = Release;
		};
		5EF69EB427A7DAFA007E9735 /* Debug */ = {
			isa = XCBuildConfiguration;
			baseConfigurationReference = BD84FC73203EF1BEB1378FE9 /* Pods-attendance-ios.debug.xcconfig */;
			buildSettings = {
				ASSETCATALOG_COMPILER_APPICON_NAME = AppIcon;
				ASSETCATALOG_COMPILER_GLOBAL_ACCENT_COLOR_NAME = AccentColor;
				CODE_SIGN_STYLE = Automatic;
				CURRENT_PROJECT_VERSION = 1;
				DEVELOPMENT_TEAM = "";
				GENERATE_INFOPLIST_FILE = YES;
				INFOPLIST_FILE = "attendance-ios/Resource/Info.plist";
				INFOPLIST_KEY_NSCameraUsageDescription = "YAPP이 카메라 사용을 요청합니다";
				INFOPLIST_KEY_UIApplicationSupportsIndirectInputEvents = YES;
				INFOPLIST_KEY_UILaunchStoryboardName = LaunchScreen;
				INFOPLIST_KEY_UIMainStoryboardFile = Main;
				INFOPLIST_KEY_UISupportedInterfaceOrientations_iPad = "UIInterfaceOrientationPortrait UIInterfaceOrientationPortraitUpsideDown UIInterfaceOrientationLandscapeLeft UIInterfaceOrientationLandscapeRight";
				INFOPLIST_KEY_UISupportedInterfaceOrientations_iPhone = "UIInterfaceOrientationPortrait UIInterfaceOrientationLandscapeLeft UIInterfaceOrientationLandscapeRight";
				LD_RUNPATH_SEARCH_PATHS = (
					"$(inherited)",
					"@executable_path/Frameworks",
				);
				MARKETING_VERSION = 1.0;
				PRODUCT_BUNDLE_IDENTIFIER = "attendance-ios";
				PRODUCT_NAME = "$(TARGET_NAME)";
				SWIFT_EMIT_LOC_STRINGS = YES;
				SWIFT_VERSION = 5.0;
				TARGETED_DEVICE_FAMILY = "1,2";
			};
			name = Debug;
		};
		5EF69EB527A7DAFA007E9735 /* Release */ = {
			isa = XCBuildConfiguration;
			baseConfigurationReference = 6F02DCE832A2AB4DFD3E1B31 /* Pods-attendance-ios.release.xcconfig */;
			buildSettings = {
				ASSETCATALOG_COMPILER_APPICON_NAME = AppIcon;
				ASSETCATALOG_COMPILER_GLOBAL_ACCENT_COLOR_NAME = AccentColor;
				CODE_SIGN_STYLE = Automatic;
				CURRENT_PROJECT_VERSION = 1;
				DEVELOPMENT_TEAM = "";
				GENERATE_INFOPLIST_FILE = YES;
				INFOPLIST_FILE = "attendance-ios/Resource/Info.plist";
				INFOPLIST_KEY_NSCameraUsageDescription = "YAPP이 카메라 사용을 요청합니다";
				INFOPLIST_KEY_UIApplicationSupportsIndirectInputEvents = YES;
				INFOPLIST_KEY_UILaunchStoryboardName = LaunchScreen;
				INFOPLIST_KEY_UIMainStoryboardFile = Main;
				INFOPLIST_KEY_UISupportedInterfaceOrientations_iPad = "UIInterfaceOrientationPortrait UIInterfaceOrientationPortraitUpsideDown UIInterfaceOrientationLandscapeLeft UIInterfaceOrientationLandscapeRight";
				INFOPLIST_KEY_UISupportedInterfaceOrientations_iPhone = "UIInterfaceOrientationPortrait UIInterfaceOrientationLandscapeLeft UIInterfaceOrientationLandscapeRight";
				LD_RUNPATH_SEARCH_PATHS = (
					"$(inherited)",
					"@executable_path/Frameworks",
				);
				MARKETING_VERSION = 1.0;
				PRODUCT_BUNDLE_IDENTIFIER = "attendance-ios";
				PRODUCT_NAME = "$(TARGET_NAME)";
				SWIFT_EMIT_LOC_STRINGS = YES;
				SWIFT_VERSION = 5.0;
				TARGETED_DEVICE_FAMILY = "1,2";
			};
			name = Release;
		};
/* End XCBuildConfiguration section */

/* Begin XCConfigurationList section */
		5EF69E9A27A7DAF8007E9735 /* Build configuration list for PBXProject "attendance-ios" */ = {
			isa = XCConfigurationList;
			buildConfigurations = (
				5EF69EB127A7DAFA007E9735 /* Debug */,
				5EF69EB227A7DAFA007E9735 /* Release */,
			);
			defaultConfigurationIsVisible = 0;
			defaultConfigurationName = Release;
		};
		5EF69EB327A7DAFA007E9735 /* Build configuration list for PBXNativeTarget "attendance-ios" */ = {
			isa = XCConfigurationList;
			buildConfigurations = (
				5EF69EB427A7DAFA007E9735 /* Debug */,
				5EF69EB527A7DAFA007E9735 /* Release */,
			);
			defaultConfigurationIsVisible = 0;
			defaultConfigurationName = Release;
		};
/* End XCConfigurationList section */
	};
	rootObject = 5EF69E9727A7DAF8007E9735 /* Project object */;
}
